// !$*UTF8*$!
{
	archiveVersion = 1;
	classes = {
	};
	objectVersion = 48;
	objects = {

/* Begin PBXBuildFile section */
		2858BDF7212B82E90040A0A1 /* AppDelegate.swift in Sources */ = {isa = PBXBuildFile; fileRef = 2858BDF6212B82E90040A0A1 /* AppDelegate.swift */; };
		2858BDF9212B82E90040A0A1 /* ViewController.swift in Sources */ = {isa = PBXBuildFile; fileRef = 2858BDF8212B82E90040A0A1 /* ViewController.swift */; };
		2858BDFC212B82E90040A0A1 /* Main.storyboard in Resources */ = {isa = PBXBuildFile; fileRef = 2858BDFA212B82E90040A0A1 /* Main.storyboard */; };
		2858BDFE212B82E90040A0A1 /* Assets.xcassets in Resources */ = {isa = PBXBuildFile; fileRef = 2858BDFD212B82E90040A0A1 /* Assets.xcassets */; };
		2858BE01212B82E90040A0A1 /* LaunchScreen.storyboard in Resources */ = {isa = PBXBuildFile; fileRef = 2858BDFF212B82E90040A0A1 /* LaunchScreen.storyboard */; };
/* End PBXBuildFile section */

/* Begin PBXFileReference section */
		2858BDF3212B82E90040A0A1 /* TestingAttributeString.app */ = {isa = PBXFileReference; explicitFileType = wrapper.application; includeInIndex = 0; path = TestingAttributeString.app; sourceTree = BUILT_PRODUCTS_DIR; };
		2858BDF6212B82E90040A0A1 /* AppDelegate.swift */ = {isa = PBXFileReference; lastKnownFileType = sourcecode.swift; path = AppDelegate.swift; sourceTree = "<group>"; };
		2858BDF8212B82E90040A0A1 /* ViewController.swift */ = {isa = PBXFileReference; lastKnownFileType = sourcecode.swift; path = ViewController.swift; sourceTree = "<group>"; };
		2858BDFB212B82E90040A0A1 /* Base */ = {isa = PBXFileReference; lastKnownFileType = file.storyboard; name = Base; path = Base.lproj/Main.storyboard; sourceTree = "<group>"; };
		2858BDFD212B82E90040A0A1 /* Assets.xcassets */ = {isa = PBXFileReference; lastKnownFileType = folder.assetcatalog; path = Assets.xcassets; sourceTree = "<group>"; };
		2858BE00212B82E90040A0A1 /* Base */ = {isa = PBXFileReference; lastKnownFileType = file.storyboard; name = Base; path = Base.lproj/LaunchScreen.storyboard; sourceTree = "<group>"; };
		2858BE02212B82E90040A0A1 /* Info.plist */ = {isa = PBXFileReference; lastKnownFileType = text.plist.xml; path = Info.plist; sourceTree = "<group>"; };
/* End PBXFileReference section */

/* Begin PBXFrameworksBuildPhase section */
		2858BDF0212B82E90040A0A1 /* Frameworks */ = {
			isa = PBXFrameworksBuildPhase;
			buildActionMask = 2147483647;
			files = (
			);
			runOnlyForDeploymentPostprocessing = 0;
		};
/* End PBXFrameworksBuildPhase section */

/* Begin PBXGroup section */
		2858BDEA212B82E90040A0A1 = {
			isa = PBXGroup;
			children = (
				2858BDF5212B82E90040A0A1 /* TestingAttributeString */,
				2858BDF4212B82E90040A0A1 /* Products */,
			);
			sourceTree = "<group>";
		};
		2858BDF4212B82E90040A0A1 /* Products */ = {
			isa = PBXGroup;
			children = (
				2858BDF3212B82E90040A0A1 /* TestingAttributeString.app */,
			);
			name = Products;
			sourceTree = "<group>";
		};
		2858BDF5212B82E90040A0A1 /* TestingAttributeString */ = {
			isa = PBXGroup;
			children = (
				2858BDF6212B82E90040A0A1 /* AppDelegate.swift */,
				2858BDF8212B82E90040A0A1 /* ViewController.swift */,
				2858BDFA212B82E90040A0A1 /* Main.storyboard */,
				2858BDFD212B82E90040A0A1 /* Assets.xcassets */,
				2858BDFF212B82E90040A0A1 /* LaunchScreen.storyboard */,
				2858BE02212B82E90040A0A1 /* Info.plist */,
			);
			path = TestingAttributeString;
			sourceTree = "<group>";
		};
/* End PBXGroup section */

/* Begin PBXNativeTarget section */
		2858BDF2212B82E90040A0A1 /* TestingAttributeString */ = {
			isa = PBXNativeTarget;
			buildConfigurationList = 2858BE05212B82E90040A0A1 /* Build configuration list for PBXNativeTarget "TestingAttributeString" */;
			buildPhases = (
				2858BDEF212B82E90040A0A1 /* Sources */,
				2858BDF0212B82E90040A0A1 /* Frameworks */,
				2858BDF1212B82E90040A0A1 /* Resources */,
			);
			buildRules = (
			);
			dependencies = (
			);
			name = TestingAttributeString;
			productName = TestingAttributeString;
			productReference = 2858BDF3212B82E90040A0A1 /* TestingAttributeString.app */;
			productType = "com.apple.product-type.application";
		};
/* End PBXNativeTarget section */

/* Begin PBXProject section */
		2858BDEB212B82E90040A0A1 /* Project object */ = {
			isa = PBXProject;
			attributes = {
				LastSwiftUpdateCheck = 0920;
				LastUpgradeCheck = 0920;
				ORGANIZATIONNAME = Amit;
				TargetAttributes = {
					2858BDF2212B82E90040A0A1 = {
						CreatedOnToolsVersion = 9.2;
						ProvisioningStyle = Automatic;
					};
				};
			};
			buildConfigurationList = 2858BDEE212B82E90040A0A1 /* Build configuration list for PBXProject "TestingAttributeString" */;
			compatibilityVersion = "Xcode 8.0";
			developmentRegion = en;
			hasScannedForEncodings = 0;
			knownRegions = (
				en,
				Base,
			);
			mainGroup = 2858BDEA212B82E90040A0A1;
			productRefGroup = 2858BDF4212B82E90040A0A1 /* Products */;
			projectDirPath = "";
			projectRoot = "";
			targets = (
				2858BDF2212B82E90040A0A1 /* TestingAttributeString */,
			);
		};
/* End PBXProject section */

/* Begin PBXResourcesBuildPhase section */
		2858BDF1212B82E90040A0A1 /* Resources */ = {
			isa = PBXResourcesBuildPhase;
			buildActionMask = 2147483647;
			files = (
				2858BE01212B82E90040A0A1 /* LaunchScreen.storyboard in Resources */,
				2858BDFE212B82E90040A0A1 /* Assets.xcassets in Resources */,
				2858BDFC212B82E90040A0A1 /* Main.storyboard in Resources */,
			);
			runOnlyForDeploymentPostprocessing = 0;
		};
/* End PBXResourcesBuildPhase section */

/* Begin PBXSourcesBuildPhase section */
		2858BDEF212B82E90040A0A1 /* Sources */ = {
			isa = PBXSourcesBuildPhase;
			buildActionMask = 2147483647;
			files = (
				2858BDF9212B82E90040A0A1 /* ViewController.swift in Sources */,
				2858BDF7212B82E90040A0A1 /* AppDelegate.swift in Sources */,
			);
			runOnlyForDeploymentPostprocessing = 0;
		};
/* End PBXSourcesBuildPhase section */

/* Begin PBXVariantGroup section */
		2858BDFA212B82E90040A0A1 /* Main.storyboard */ = {
			isa = PBXVariantGroup;
			children = (
				2858BDFB212B82E90040A0A1 /* Base */,
			);
			name = Main.storyboard;
			sourceTree = "<group>";
		};
		2858BDFF212B82E90040A0A1 /* LaunchScreen.storyboard */ = {
			isa = PBXVariantGroup;
			children = (
				2858BE00212B82E90040A0A1 /* Base */,
			);
			name = LaunchScreen.storyboard;
			sourceTree = "<group>";
		};
/* End PBXVariantGroup section */

/* Begin XCBuildConfiguration section */
		2858BE03212B82E90040A0A1 /* Debug */ = {
			isa = XCBuildConfiguration;
			buildSettings = {
				ALWAYS_SEARCH_USER_PATHS = NO;
				CLANG_ANALYZER_NONNULL = YES;
				CLANG_ANALYZER_NUMBER_OBJECT_CONVERSION = YES_AGGRESSIVE;
				CLANG_CXX_LANGUAGE_STANDARD = "gnu++14";
				CLANG_CXX_LIBRARY = "libc++";
				CLANG_ENABLE_MODULES = YES;
				CLANG_ENABLE_OBJC_ARC = YES;
				CLANG_WARN_BLOCK_CAPTURE_AUTORELEASING = YES;
				CLANG_WARN_BOOL_CONVERSION = YES;
				CLANG_WARN_COMMA = YES;
				CLANG_WARN_CONSTANT_CONVERSION = YES;
				CLANG_WARN_DIRECT_OBJC_ISA_USAGE = YES_ERROR;
				CLANG_WARN_DOCUMENTATION_COMMENTS = YES;
				CLANG_WARN_EMPTY_BODY = YES;
				CLANG_WARN_ENUM_CONVERSION = YES;
				CLANG_WARN_INFINITE_RECURSION = YES;
				CLANG_WARN_INT_CONVERSION = YES;
				CLANG_WARN_NON_LITERAL_NULL_CONVERSION = YES;
				CLANG_WARN_OBJC_LITERAL_CONVERSION = YES;
				CLANG_WARN_OBJC_ROOT_CLASS = YES_ERROR;
				CLANG_WARN_RANGE_LOOP_ANALYSIS = YES;
				CLANG_WARN_STRICT_PROTOTYPES = YES;
				CLANG_WARN_SUSPICIOUS_MOVE = YES;
				CLANG_WARN_UNGUARDED_AVAILABILITY = YES_AGGRESSIVE;
				CLANG_WARN_UNREACHABLE_CODE = YES;
				CLANG_WARN__DUPLICATE_METHOD_MATCH = YES;
				CODE_SIGN_IDENTITY = "iPhone Developer";
				COPY_PHASE_STRIP = NO;
				DEBUG_INFORMATION_FORMAT = dwarf;
				ENABLE_STRICT_OBJC_MSGSEND = YES;
				ENABLE_TESTABILITY = YES;
				GCC_C_LANGUAGE_STANDARD = gnu11;
				GCC_DYNAMIC_NO_PIC = NO;
				GCC_NO_COMMON_BLOCKS = YES;
				GCC_OPTIMIZATION_LEVEL = 0;
				GCC_PREPROCESSOR_DEFINITIONS = (
					"DEBUG=1",
					"$(inherited)",
				);
				GCC_WARN_64_TO_32_BIT_CONVERSION = YES;
				GCC_WARN_ABOUT_RETURN_TYPE = YES_ERROR;
				GCC_WARN_UNDECLARED_SELECTOR = YES;
				GCC_WARN_UNINITIALIZED_AUTOS = YES_AGGRESSIVE;
				GCC_WARN_UNUSED_FUNCTION = YES;
				GCC_WARN_UNUSED_VARIABLE = YES;
				IPHONEOS_DEPLOYMENT_TARGET = 11.2;
				MTL_ENABLE_DEBUG_INFO = YES;
				ONLY_ACTIVE_ARCH = YES;
				SDKROOT = iphoneos;
				SWIFT_ACTIVE_COMPILATION_CONDITIONS = DEBUG;
				SWIFT_OPTIMIZATION_LEVEL = "-Onone";
			};
			name = Debug;
		};
		2858BE04212B82E90040A0A1 /* Release */ = {
			isa = XCBuildConfiguration;
			buildSettings = {
				ALWAYS_SEARCH_USER_PATHS = NO;
				CLANG_ANALYZER_NONNULL = YES;
				CLANG_ANALYZER_NUMBER_OBJECT_CONVERSION = YES_AGGRESSIVE;
				CLANG_CXX_LANGUAGE_STANDARD = "gnu++14";
				CLANG_CXX_LIBRARY = "libc++";
				CLANG_ENABLE_MODULES = YES;
				CLANG_ENABLE_OBJC_ARC = YES;
				CLANG_WARN_BLOCK_CAPTURE_AUTORELEASING = YES;
				CLANG_WARN_BOOL_CONVERSION = YES;
				CLANG_WARN_COMMA = YES;
				CLANG_WARN_CONSTANT_CONVERSION = YES;
				CLANG_WARN_DIRECT_OBJC_ISA_USAGE = YES_ERROR;
				CLANG_WARN_DOCUMENTATION_COMMENTS = YES;
				CLANG_WARN_EMPTY_BODY = YES;
				CLANG_WARN_ENUM_CONVERSION = YES;
				CLANG_WARN_INFINITE_RECURSION = YES;
				CLANG_WARN_INT_CONVERSION = YES;
				CLANG_WARN_NON_LITERAL_NULL_CONVERSION = YES;
				CLANG_WARN_OBJC_LITERAL_CONVERSION = YES;
				CLANG_WARN_OBJC_ROOT_CLASS = YES_ERROR;
				CLANG_WARN_RANGE_LOOP_ANALYSIS = YES;
				CLANG_WARN_STRICT_PROTOTYPES = YES;
				CLANG_WARN_SUSPICIOUS_MOVE = YES;
				CLANG_WARN_UNGUARDED_AVAILABILITY = YES_AGGRESSIVE;
				CLANG_WARN_UNREACHABLE_CODE = YES;
				CLANG_WARN__DUPLICATE_METHOD_MATCH = YES;
				CODE_SIGN_IDENTITY = "iPhone Developer";
				COPY_PHASE_STRIP = NO;
				DEBUG_INFORMATION_FORMAT = "dwarf-with-dsym";
				ENABLE_NS_ASSERTIONS = NO;
				ENABLE_STRICT_OBJC_MSGSEND = YES;
				GCC_C_LANGUAGE_STANDARD = gnu11;
				GCC_NO_COMMON_BLOCKS = YES;
				GCC_WARN_64_TO_32_BIT_CONVERSION = YES;
				GCC_WARN_ABOUT_RETURN_TYPE = YES_ERROR;
				GCC_WARN_UNDECLARED_SELECTOR = YES;
				GCC_WARN_UNINITIALIZED_AUTOS = YES_AGGRESSIVE;
				GCC_WARN_UNUSED_FUNCTION = YES;
				GCC_WARN_UNUSED_VARIABLE = YES;
				IPHONEOS_DEPLOYMENT_TARGET = 11.2;
				MTL_ENABLE_DEBUG_INFO = NO;
				SDKROOT = iphoneos;
				SWIFT_OPTIMIZATION_LEVEL = "-Owholemodule";
				VALIDATE_PRODUCT = YES;
			};
			name = Release;
		};
		2858BE06212B82E90040A0A1 /* Debug */ = {
			isa = XCBuildConfiguration;
			buildSettings = {
				ASSETCATALOG_COMPILER_APPICON_NAME = AppIcon;
				CODE_SIGN_STYLE = Automatic;
				DEVELOPMENT_TEAM = S7WUHVEA2Q;
				INFOPLIST_FILE = TestingAttributeString/Info.plist;
				LD_RUNPATH_SEARCH_PATHS = "$(inherited) @executable_path/Frameworks";
				PRODUCT_BUNDLE_IDENTIFIER = com.MoondraFamily.TestingAttributeString;
				PRODUCT_NAME = "$(TARGET_NAME)";
				SWIFT_VERSION = 4.0;
				TARGETED_DEVICE_FAMILY = "1,2";
			};
			name = Debug;
		};
		2858BE07212B82E90040A0A1 /* Release */ = {
			isa = XCBuildConfiguration;
			buildSettings = {
				ASSETCATALOG_COMPILER_APPICON_NAME = AppIcon;
				CODE_SIGN_STYLE = Automatic;
				DEVELOPMENT_TEAM = S7WUHVEA2Q;
				INFOPLIST_FILE = TestingAttributeString/Info.plist;
				LD_RUNPATH_SEARCH_PATHS = "$(inherited) @executable_path/Frameworks";
				PRODUCT_BUNDLE_IDENTIFIER = com.MoondraFamily.TestingAttributeString;
				PRODUCT_NAME = "$(TARGET_NAME)";
				SWIFT_VERSION = 4.0;
				TARGETED_DEVICE_FAMILY = "1,2";
			};
			name = Release;
		};
/* End XCBuildConfiguration section */

/* Begin XCConfigurationList section */
		2858BDEE212B82E90040A0A1 /* Build configuration list for PBXProject "TestingAttributeString" */ = {
			isa = XCConfigurationList;
			buildConfigurations = (
				2858BE03212B82E90040A0A1 /* Debug */,
				2858BE04212B82E90040A0A1 /* Release */,
			);
			defaultConfigurationIsVisible = 0;
			defaultConfigurationName = Release;
		};
		2858BE05212B82E90040A0A1 /* Build configuration list for PBXNativeTarget "TestingAttributeString" */ = {
			isa = XCConfigurationList;
			buildConfigurations = (
				2858BE06212B82E90040A0A1 /* Debug */,
				2858BE07212B82E90040A0A1 /* Release */,
			);
			defaultConfigurationIsVisible = 0;
			defaultConfigurationName = Release;
		};
/* End XCConfigurationList section */
	};
	rootObject = 2858BDEB212B82E90040A0A1 /* Project object */;
}
